
Microsoft Visual Studio Solution File, Format Version 12.00
# Visual Studio Version 17
VisualStudioVersion = 17.5.002.0
MinimumVisualStudioVersion = 10.0.40219.1
Project("{9A19103F-16F7-4668-BE54-9A1E7A4F7556}") = "TodoApi", "TodoApi\TodoApi.csproj", "{C52F25B0-F2FA-4589-8058-8726DA41C56E}"
EndProject
Project("{FAE04EC0-301F-11D3-BF4B-00C04F79EFBC}") = "Test", "Test\Test.csproj", "{840EF578-C154-4717-986C-48C75F47E742}"
EndProject
Project("{FAE04EC0-301F-11D3-BF4B-00C04F79EFBC}") = "Outbox", "Outbox\Outbox.csproj", "{632493D1-8BA7-4CDB-80DD-5225A641E472}"
EndProject
Global
	GlobalSection(SolutionConfigurationPlatforms) = preSolution
		Debug|Any CPU = Debug|Any CPU
		Release|Any CPU = Release|Any CPU
	EndGlobalSection
	GlobalSection(ProjectConfigurationPlatforms) = postSolution
		{C52F25B0-F2FA-4589-8058-8726DA41C56E}.Debug|Any CPU.ActiveCfg = Debug|Any CPU
		{C52F25B0-F2FA-4589-8058-8726DA41C56E}.Debug|Any CPU.Build.0 = Debug|Any CPU
		{C52F25B0-F2FA-4589-8058-8726DA41C56E}.Release|Any CPU.ActiveCfg = Release|Any CPU
		{C52F25B0-F2FA-4589-8058-8726DA41C56E}.Release|Any CPU.Build.0 = Release|Any CPU
		{840EF578-C154-4717-986C-48C75F47E742}.Debug|Any CPU.ActiveCfg = Debug|Any CPU
		{840EF578-C154-4717-986C-48C75F47E742}.Debug|Any CPU.Build.0 = Debug|Any CPU
		{840EF578-C154-4717-986C-48C75F47E742}.Release|Any CPU.ActiveCfg = Release|Any CPU
		{840EF578-C154-4717-986C-48C75F47E742}.Release|Any CPU.Build.0 = Release|Any CPU
		{632493D1-8BA7-4CDB-80DD-5225A641E472}.Debug|Any CPU.ActiveCfg = Debug|Any CPU
		{632493D1-8BA7-4CDB-80DD-5225A641E472}.Debug|Any CPU.Build.0 = Debug|Any CPU
		{632493D1-8BA7-4CDB-80DD-5225A641E472}.Release|Any CPU.ActiveCfg = Release|Any CPU
		{632493D1-8BA7-4CDB-80DD-5225A641E472}.Release|Any CPU.Build.0 = Release|Any CPU
	EndGlobalSection
	GlobalSection(SolutionProperties) = preSolution
		HideSolutionNode = FALSE
	EndGlobalSection
	GlobalSection(ExtensibilityGlobals) = postSolution
		SolutionGuid = {6B57B09F-CFE9-41F1-A256-A4FEFF897818}
	EndGlobalSection
EndGlobal
