
Microsoft Visual Studio Solution File, Format Version 12.00
# Visual Studio Version 17
VisualStudioVersion = 17.5.002.0
MinimumVisualStudioVersion = 10.0.40219.1
Project("{FAE04EC0-301F-11D3-BF4B-00C04F79EFBC}") = "GlobalHomeAPI", "GlobalHomeAPI\GlobalHomeAPI.csproj", "{7C7F57E5-EAD5-4F9A-AFF1-D58B17BFC325}"
EndProject
Global
	GlobalSection(SolutionConfigurationPlatforms) = preSolution
		Debug|Any CPU = Debug|Any CPU
		Release|Any CPU = Release|Any CPU
	EndGlobalSection
	GlobalSection(ProjectConfigurationPlatforms) = postSolution
		{7C7F57E5-EAD5-4F9A-AFF1-D58B17BFC325}.Debug|Any CPU.ActiveCfg = Debug|Any CPU
		{7C7F57E5-EAD5-4F9A-AFF1-D58B17BFC325}.Debug|Any CPU.Build.0 = Debug|Any CPU
		{7C7F57E5-EAD5-4F9A-AFF1-D58B17BFC325}.Release|Any CPU.ActiveCfg = Release|Any CPU
		{7C7F57E5-EAD5-4F9A-AFF1-D58B17BFC325}.Release|Any CPU.Build.0 = Release|Any CPU
	EndGlobalSection
	GlobalSection(SolutionProperties) = preSolution
		HideSolutionNode = FALSE
	EndGlobalSection
	GlobalSection(ExtensibilityGlobals) = postSolution
		SolutionGuid = {6B57B09F-CFE9-41F1-A256-A4FEFF897818}
	EndGlobalSection
EndGlobal
